
Microsoft Visual Studio Solution File, Format Version 12.00
# Visual Studio Version 16
VisualStudioVersion = 16.0.31129.286
MinimumVisualStudioVersion = 10.0.40219.1
Project("{FAE04EC0-301F-11D3-BF4B-00C04F79EFBC}") = "2021aoc12", "2021aoc12\2021aoc12.csproj", "{5A3FA59E-2FDC-47E6-AB6E-FB31E32AC934}"
EndProject
Global
	GlobalSection(SolutionConfigurationPlatforms) = preSolution
		Debug|Any CPU = Debug|Any CPU
		Release|Any CPU = Release|Any CPU
	EndGlobalSection
	GlobalSection(ProjectConfigurationPlatforms) = postSolution
		{5A3FA59E-2FDC-47E6-AB6E-FB31E32AC934}.Debug|Any CPU.ActiveCfg = Debug|Any CPU
		{5A3FA59E-2FDC-47E6-AB6E-FB31E32AC934}.Debug|Any CPU.Build.0 = Debug|Any CPU
		{5A3FA59E-2FDC-47E6-AB6E-FB31E32AC934}.Release|Any CPU.ActiveCfg = Release|Any CPU
		{5A3FA59E-2FDC-47E6-AB6E-FB31E32AC934}.Release|Any CPU.Build.0 = Release|Any CPU
	EndGlobalSection
	GlobalSection(SolutionProperties) = preSolution
		HideSolutionNode = FALSE
	EndGlobalSection
	GlobalSection(ExtensibilityGlobals) = postSolution
		SolutionGuid = {7C23EDEE-27EC-43B7-8C1C-8D26CB4ED92A}
	EndGlobalSection
EndGlobal
